
Microsoft Visual Studio Solution File, Format Version 12.00
# Visual Studio Version 17
VisualStudioVersion = 17.12.35506.116
MinimumVisualStudioVersion = 17.12.35506.116
Project("{2150E333-8FDC-42A3-9474-1A3956D46DE8}") = ".github", ".github", "{B93A4BDF-7AAF-4A87-B54F-2A06604C3FAE}"
EndProject
Project("{2150E333-8FDC-42A3-9474-1A3956D46DE8}") = "doc", "doc", "{C5A79A65-6948-4486-ABC9-E2760D2A93A4}"
EndProject
Project("{2150E333-8FDC-42A3-9474-1A3956D46DE8}") = "media", "media", "{AE916025-8D69-4029-910B-9CD1960F47D3}"
	ProjectSection(SolutionItems) = preProject
		media\NerdyDuck.CodedExceptions-128x128.png = media\NerdyDuck.CodedExceptions-128x128.png
		media\NerdyDuck.CodedExceptions-64x64.png = media\NerdyDuck.CodedExceptions-64x64.png
		media\NerdyDuck.CodedExceptions.svg = media\NerdyDuck.CodedExceptions.svg
	EndProjectSection
EndProject
Project("{2150E333-8FDC-42A3-9474-1A3956D46DE8}") = "shared", "shared", "{FFF6F8D7-887B-4F9F-863D-0669A3561E9C}"
	ProjectSection(SolutionItems) = preProject
		shared\NerdyDuck.CodedExceptions.snk = shared\NerdyDuck.CodedExceptions.snk
	EndProjectSection
EndProject
Project("{2150E333-8FDC-42A3-9474-1A3956D46DE8}") = "src", "src", "{84D53E65-7009-42B3-BB1D-F14FC2D88D4D}"
	ProjectSection(SolutionItems) = preProject
		src\Directory.Build.props = src\Directory.Build.props
		src\Directory.Build.targets = src\Directory.Build.targets
	EndProjectSection
EndProject
Project("{2150E333-8FDC-42A3-9474-1A3956D46DE8}") = "test", "test", "{0F0ED894-5AEA-498F-AD6F-CF0F2D18FDCA}"
	ProjectSection(SolutionItems) = preProject
		test\.editorconfig = test\.editorconfig
		test\Directory.Build.props = test\Directory.Build.props
	EndProjectSection
EndProject
Project("{2150E333-8FDC-42A3-9474-1A3956D46DE8}") = "workflows", "workflows", "{FFB8FE57-A656-4160-BC94-8B327C450843}"
	ProjectSection(SolutionItems) = preProject
		.github\workflows\dotnet.yml = .github\workflows\dotnet.yml
	EndProjectSection
EndProject
Project("{2150E333-8FDC-42A3-9474-1A3956D46DE8}") = "Solution Items", "Solution Items", "{5F5801C1-1589-4F88-A56B-F693C1ABA268}"
	ProjectSection(SolutionItems) = preProject
		.editorconfig = .editorconfig
		.gitattributes = .gitattributes
		.gitignore = .gitignore
		Directory.Build.props = Directory.Build.props
		Directory.Packages.props = Directory.Packages.props
		exclusion.dic = exclusion.dic
		global.json = global.json
		nuget.config = nuget.config
		README.md = README.md
		THIRD-PARTY-NOTICES.TXT = THIRD-PARTY-NOTICES.TXT
		Versions.props = Versions.props
	EndProjectSection
EndProject
Project("{2150E333-8FDC-42A3-9474-1A3956D46DE8}") = "shared", "shared", "{26701D14-F432-421C-B8C1-AEEF25D2C58B}"
	ProjectSection(SolutionItems) = preProject
		src\shared\CompositeFormatCache.cs = src\shared\CompositeFormatCache.cs
		src\shared\GlobalStrings.cs = src\shared\GlobalStrings.cs
	EndProjectSection
EndProject
Project("{FAE04EC0-301F-11D3-BF4B-00C04F79EFBC}") = "CodedExceptions", "src\CodedExceptions\CodedExceptions.csproj", "{0939992E-3492-44F4-BCF4-E2DCAA0686F1}"
EndProject
Project("{FAE04EC0-301F-11D3-BF4B-00C04F79EFBC}") = "CodedExceptions.Configuration.AppConfig", "src\CodedExceptions.Configuration.AppConfig\CodedExceptions.Configuration.AppConfig.csproj", "{0326A7A2-2B0F-4205-9F97-01397A7F0EBC}"
EndProject
Project("{FAE04EC0-301F-11D3-BF4B-00C04F79EFBC}") = "CodedExceptions.Configuration.ConfigSection", "src\CodedExceptions.Configuration.ConfigSection\CodedExceptions.Configuration.ConfigSection.csproj", "{9F2BA37B-3745-4BF6-816C-B2D9BC78D08D}"
EndProject
Project("{FAE04EC0-301F-11D3-BF4B-00C04F79EFBC}") = "CodedExceptions.Configuration.Json", "src\CodedExceptions.Configuration.Json\CodedExceptions.Configuration.Json.csproj", "{C742BC22-1B13-426C-9D6E-F4E945B7CAC0}"
EndProject
Project("{2150E333-8FDC-42A3-9474-1A3956D46DE8}") = "CodedExceptions", "CodedExceptions", "{0EF57DD0-8E78-4F51-B5CA-F1FE662201AF}"
	ProjectSection(SolutionItems) = preProject
		test\CodedExceptions\Directory.Build.targets = test\CodedExceptions\Directory.Build.targets
	EndProjectSection
EndProject
Project("{FAE04EC0-301F-11D3-BF4B-00C04F79EFBC}") = "Tests.CodedExceptions.Net60", "test\CodedExceptions\Tests.CodedExceptions.Net60.csproj", "{C86105E2-BCCB-4E18-B57D-BDC97B96BAB3}"
EndProject
Project("{FAE04EC0-301F-11D3-BF4B-00C04F79EFBC}") = "Tests.CodedExceptions.Net80", "test\CodedExceptions\Tests.CodedExceptions.Net80.csproj", "{79EE6F01-D9F1-4F7C-85F0-29300625D5CA}"
EndProject
Project("{FAE04EC0-301F-11D3-BF4B-00C04F79EFBC}") = "Tests.CodedExceptions.Net90", "test\CodedExceptions\Tests.CodedExceptions.Net90.csproj", "{56B57039-E787-46E9-9F35-B1C39E9E6572}"
EndProject
Project("{FAE04EC0-301F-11D3-BF4B-00C04F79EFBC}") = "Tests.CodedExceptions.Net472", "test\CodedExceptions\Tests.CodedExceptions.Net472.csproj", "{7E235B1F-30DC-4D34-A914-46DD2C08A34F}"
EndProject
Project("{FAE04EC0-301F-11D3-BF4B-00C04F79EFBC}") = "Tests.CodedExceptions.Netstandard20", "test\CodedExceptions\Tests.CodedExceptions.Netstandard20.csproj", "{6AFE35E7-3D24-4CA6-8E9D-4EF60207DE1A}"
EndProject
Project("{2150E333-8FDC-42A3-9474-1A3956D46DE8}") = "CodedExceptions.Configuration", "CodedExceptions.Configuration", "{378B31BE-4F84-40D4-854B-FA535D135353}"
	ProjectSection(SolutionItems) = preProject
		test\CodedExceptions.Configuration\Directory.Build.targets = test\CodedExceptions.Configuration\Directory.Build.targets
	EndProjectSection
EndProject
Project("{FAE04EC0-301F-11D3-BF4B-00C04F79EFBC}") = "Tests.CodedExceptions.Configuration.Net60", "test\CodedExceptions.Configuration\Tests.CodedExceptions.Configuration.Net60.csproj", "{85A4EB07-60B5-440D-8BDC-A08E10FD82A2}"
EndProject
Project("{FAE04EC0-301F-11D3-BF4B-00C04F79EFBC}") = "Tests.CodedExceptions.Configuration.Net80", "test\CodedExceptions.Configuration\Tests.CodedExceptions.Configuration.Net80.csproj", "{F9EA6564-AF20-44CE-945F-1753CF42AB3E}"
EndProject
Project("{FAE04EC0-301F-11D3-BF4B-00C04F79EFBC}") = "Tests.CodedExceptions.Configuration.Net90", "test\CodedExceptions.Configuration\Tests.CodedExceptions.Configuration.Net90.csproj", "{63B66B4B-6A4C-46A2-9DD5-970F05FEFB87}"
EndProject
Project("{FAE04EC0-301F-11D3-BF4B-00C04F79EFBC}") = "Tests.CodedExceptions.Configuration.Net472", "test\CodedExceptions.Configuration\Tests.CodedExceptions.Configuration.Net472.csproj", "{5B90D7DE-3091-474D-8AA2-6BDE54965515}"
EndProject
Project("{FAE04EC0-301F-11D3-BF4B-00C04F79EFBC}") = "Tests.CodedExceptions.Configuration.Netstandard20", "test\CodedExceptions.Configuration\Tests.CodedExceptions.Configuration.Netstandard20.csproj", "{F3EB5FB9-5177-4C9E-A52A-2D344157F1F2}"
EndProject
Project("{FAE04EC0-301F-11D3-BF4B-00C04F79EFBC}") = "NerdyDuck.TestAssembly.NoStrongKey", "test\TestAssembly\NerdyDuck.TestAssembly.NoStrongKey.csproj", "{69FD4FD9-7DF5-4FDB-B3EE-7AC364E7A3ED}"
EndProject
Project("{2150E333-8FDC-42A3-9474-1A3956D46DE8}") = "Examples", "Examples", "{B0BF14F8-3BCB-4410-979B-EEEF8407EC15}"
	ProjectSection(SolutionItems) = preProject
		doc\Examples\AssemblyFacilityIdentifierAttribute.cs = doc\Examples\AssemblyFacilityIdentifierAttribute.cs
		doc\Examples\CodedExceptionAttribute.cs = doc\Examples\CodedExceptionAttribute.cs
	EndProjectSection
EndProject
Project("{7CF6DF6D-3B04-46F8-A40B-537D21BCA0B4}") = "CodedExceptions.Doc", "doc\CodedExceptions.Doc\CodedExceptions.Doc.shfbproj", "{A7DBE07D-6D8F-4450-8CB8-6BC197D964AA}"
EndProject
Global
	GlobalSection(SolutionConfigurationPlatforms) = preSolution
		Debug|Any CPU = Debug|Any CPU
		Release|Any CPU = Release|Any CPU
	EndGlobalSection
	GlobalSection(ProjectConfigurationPlatforms) = postSolution
		{0939992E-3492-44F4-BCF4-E2DCAA0686F1}.Debug|Any CPU.ActiveCfg = Debug|Any CPU
		{0939992E-3492-44F4-BCF4-E2DCAA0686F1}.Debug|Any CPU.Build.0 = Debug|Any CPU
		{0939992E-3492-44F4-BCF4-E2DCAA0686F1}.Release|Any CPU.ActiveCfg = Release|Any CPU
		{0939992E-3492-44F4-BCF4-E2DCAA0686F1}.Release|Any CPU.Build.0 = Release|Any CPU
		{0326A7A2-2B0F-4205-9F97-01397A7F0EBC}.Debug|Any CPU.ActiveCfg = Debug|Any CPU
		{0326A7A2-2B0F-4205-9F97-01397A7F0EBC}.Debug|Any CPU.Build.0 = Debug|Any CPU
		{0326A7A2-2B0F-4205-9F97-01397A7F0EBC}.Release|Any CPU.ActiveCfg = Release|Any CPU
		{0326A7A2-2B0F-4205-9F97-01397A7F0EBC}.Release|Any CPU.Build.0 = Release|Any CPU
		{9F2BA37B-3745-4BF6-816C-B2D9BC78D08D}.Debug|Any CPU.ActiveCfg = Debug|Any CPU
		{9F2BA37B-3745-4BF6-816C-B2D9BC78D08D}.Debug|Any CPU.Build.0 = Debug|Any CPU
		{9F2BA37B-3745-4BF6-816C-B2D9BC78D08D}.Release|Any CPU.ActiveCfg = Release|Any CPU
		{9F2BA37B-3745-4BF6-816C-B2D9BC78D08D}.Release|Any CPU.Build.0 = Release|Any CPU
		{C742BC22-1B13-426C-9D6E-F4E945B7CAC0}.Debug|Any CPU.ActiveCfg = Debug|Any CPU
		{C742BC22-1B13-426C-9D6E-F4E945B7CAC0}.Debug|Any CPU.Build.0 = Debug|Any CPU
		{C742BC22-1B13-426C-9D6E-F4E945B7CAC0}.Release|Any CPU.ActiveCfg = Release|Any CPU
		{C742BC22-1B13-426C-9D6E-F4E945B7CAC0}.Release|Any CPU.Build.0 = Release|Any CPU
		{C86105E2-BCCB-4E18-B57D-BDC97B96BAB3}.Debug|Any CPU.ActiveCfg = Debug|Any CPU
		{C86105E2-BCCB-4E18-B57D-BDC97B96BAB3}.Debug|Any CPU.Build.0 = Debug|Any CPU
		{C86105E2-BCCB-4E18-B57D-BDC97B96BAB3}.Release|Any CPU.ActiveCfg = Release|Any CPU
		{C86105E2-BCCB-4E18-B57D-BDC97B96BAB3}.Release|Any CPU.Build.0 = Release|Any CPU
		{79EE6F01-D9F1-4F7C-85F0-29300625D5CA}.Debug|Any CPU.ActiveCfg = Debug|Any CPU
		{79EE6F01-D9F1-4F7C-85F0-29300625D5CA}.Debug|Any CPU.Build.0 = Debug|Any CPU
		{79EE6F01-D9F1-4F7C-85F0-29300625D5CA}.Release|Any CPU.ActiveCfg = Release|Any CPU
		{79EE6F01-D9F1-4F7C-85F0-29300625D5CA}.Release|Any CPU.Build.0 = Release|Any CPU
		{56B57039-E787-46E9-9F35-B1C39E9E6572}.Debug|Any CPU.ActiveCfg = Debug|Any CPU
		{56B57039-E787-46E9-9F35-B1C39E9E6572}.Debug|Any CPU.Build.0 = Debug|Any CPU
		{56B57039-E787-46E9-9F35-B1C39E9E6572}.Release|Any CPU.ActiveCfg = Release|Any CPU
		{56B57039-E787-46E9-9F35-B1C39E9E6572}.Release|Any CPU.Build.0 = Release|Any CPU
		{7E235B1F-30DC-4D34-A914-46DD2C08A34F}.Debug|Any CPU.ActiveCfg = Debug|Any CPU
		{7E235B1F-30DC-4D34-A914-46DD2C08A34F}.Debug|Any CPU.Build.0 = Debug|Any CPU
		{7E235B1F-30DC-4D34-A914-46DD2C08A34F}.Release|Any CPU.ActiveCfg = Release|Any CPU
		{7E235B1F-30DC-4D34-A914-46DD2C08A34F}.Release|Any CPU.Build.0 = Release|Any CPU
		{6AFE35E7-3D24-4CA6-8E9D-4EF60207DE1A}.Debug|Any CPU.ActiveCfg = Debug|Any CPU
		{6AFE35E7-3D24-4CA6-8E9D-4EF60207DE1A}.Debug|Any CPU.Build.0 = Debug|Any CPU
		{6AFE35E7-3D24-4CA6-8E9D-4EF60207DE1A}.Release|Any CPU.ActiveCfg = Release|Any CPU
		{6AFE35E7-3D24-4CA6-8E9D-4EF60207DE1A}.Release|Any CPU.Build.0 = Release|Any CPU
		{85A4EB07-60B5-440D-8BDC-A08E10FD82A2}.Debug|Any CPU.ActiveCfg = Debug|Any CPU
		{85A4EB07-60B5-440D-8BDC-A08E10FD82A2}.Debug|Any CPU.Build.0 = Debug|Any CPU
		{85A4EB07-60B5-440D-8BDC-A08E10FD82A2}.Release|Any CPU.ActiveCfg = Release|Any CPU
		{85A4EB07-60B5-440D-8BDC-A08E10FD82A2}.Release|Any CPU.Build.0 = Release|Any CPU
		{F9EA6564-AF20-44CE-945F-1753CF42AB3E}.Debug|Any CPU.ActiveCfg = Debug|Any CPU
		{F9EA6564-AF20-44CE-945F-1753CF42AB3E}.Debug|Any CPU.Build.0 = Debug|Any CPU
		{F9EA6564-AF20-44CE-945F-1753CF42AB3E}.Release|Any CPU.ActiveCfg = Release|Any CPU
		{F9EA6564-AF20-44CE-945F-1753CF42AB3E}.Release|Any CPU.Build.0 = Release|Any CPU
		{63B66B4B-6A4C-46A2-9DD5-970F05FEFB87}.Debug|Any CPU.ActiveCfg = Debug|Any CPU
		{63B66B4B-6A4C-46A2-9DD5-970F05FEFB87}.Debug|Any CPU.Build.0 = Debug|Any CPU
		{63B66B4B-6A4C-46A2-9DD5-970F05FEFB87}.Release|Any CPU.ActiveCfg = Release|Any CPU
		{63B66B4B-6A4C-46A2-9DD5-970F05FEFB87}.Release|Any CPU.Build.0 = Release|Any CPU
		{5B90D7DE-3091-474D-8AA2-6BDE54965515}.Debug|Any CPU.ActiveCfg = Debug|Any CPU
		{5B90D7DE-3091-474D-8AA2-6BDE54965515}.Debug|Any CPU.Build.0 = Debug|Any CPU
		{5B90D7DE-3091-474D-8AA2-6BDE54965515}.Release|Any CPU.ActiveCfg = Release|Any CPU
		{5B90D7DE-3091-474D-8AA2-6BDE54965515}.Release|Any CPU.Build.0 = Release|Any CPU
		{F3EB5FB9-5177-4C9E-A52A-2D344157F1F2}.Debug|Any CPU.ActiveCfg = Debug|Any CPU
		{F3EB5FB9-5177-4C9E-A52A-2D344157F1F2}.Debug|Any CPU.Build.0 = Debug|Any CPU
		{F3EB5FB9-5177-4C9E-A52A-2D344157F1F2}.Release|Any CPU.ActiveCfg = Release|Any CPU
		{F3EB5FB9-5177-4C9E-A52A-2D344157F1F2}.Release|Any CPU.Build.0 = Release|Any CPU
		{69FD4FD9-7DF5-4FDB-B3EE-7AC364E7A3ED}.Debug|Any CPU.ActiveCfg = Debug|Any CPU
		{69FD4FD9-7DF5-4FDB-B3EE-7AC364E7A3ED}.Debug|Any CPU.Build.0 = Debug|Any CPU
		{69FD4FD9-7DF5-4FDB-B3EE-7AC364E7A3ED}.Release|Any CPU.ActiveCfg = Release|Any CPU
		{69FD4FD9-7DF5-4FDB-B3EE-7AC364E7A3ED}.Release|Any CPU.Build.0 = Release|Any CPU
		{A7DBE07D-6D8F-4450-8CB8-6BC197D964AA}.Debug|Any CPU.ActiveCfg = Debug|Any CPU
		{A7DBE07D-6D8F-4450-8CB8-6BC197D964AA}.Debug|Any CPU.Build.0 = Debug|Any CPU
		{A7DBE07D-6D8F-4450-8CB8-6BC197D964AA}.Release|Any CPU.ActiveCfg = Release|Any CPU
		{A7DBE07D-6D8F-4450-8CB8-6BC197D964AA}.Release|Any CPU.Build.0 = Release|Any CPU
	EndGlobalSection
	GlobalSection(SolutionProperties) = preSolution
		HideSolutionNode = FALSE
	EndGlobalSection
	GlobalSection(NestedProjects) = preSolution
		{FFB8FE57-A656-4160-BC94-8B327C450843} = {B93A4BDF-7AAF-4A87-B54F-2A06604C3FAE}
		{26701D14-F432-421C-B8C1-AEEF25D2C58B} = {84D53E65-7009-42B3-BB1D-F14FC2D88D4D}
		{0939992E-3492-44F4-BCF4-E2DCAA0686F1} = {84D53E65-7009-42B3-BB1D-F14FC2D88D4D}
		{0326A7A2-2B0F-4205-9F97-01397A7F0EBC} = {84D53E65-7009-42B3-BB1D-F14FC2D88D4D}
		{9F2BA37B-3745-4BF6-816C-B2D9BC78D08D} = {84D53E65-7009-42B3-BB1D-F14FC2D88D4D}
		{C742BC22-1B13-426C-9D6E-F4E945B7CAC0} = {84D53E65-7009-42B3-BB1D-F14FC2D88D4D}
		{0EF57DD0-8E78-4F51-B5CA-F1FE662201AF} = {0F0ED894-5AEA-498F-AD6F-CF0F2D18FDCA}
		{C86105E2-BCCB-4E18-B57D-BDC97B96BAB3} = {0EF57DD0-8E78-4F51-B5CA-F1FE662201AF}
		{79EE6F01-D9F1-4F7C-85F0-29300625D5CA} = {0EF57DD0-8E78-4F51-B5CA-F1FE662201AF}
		{56B57039-E787-46E9-9F35-B1C39E9E6572} = {0EF57DD0-8E78-4F51-B5CA-F1FE662201AF}
		{7E235B1F-30DC-4D34-A914-46DD2C08A34F} = {0EF57DD0-8E78-4F51-B5CA-F1FE662201AF}
		{6AFE35E7-3D24-4CA6-8E9D-4EF60207DE1A} = {0EF57DD0-8E78-4F51-B5CA-F1FE662201AF}
		{378B31BE-4F84-40D4-854B-FA535D135353} = {0F0ED894-5AEA-498F-AD6F-CF0F2D18FDCA}
		{85A4EB07-60B5-440D-8BDC-A08E10FD82A2} = {378B31BE-4F84-40D4-854B-FA535D135353}
		{F9EA6564-AF20-44CE-945F-1753CF42AB3E} = {378B31BE-4F84-40D4-854B-FA535D135353}
		{63B66B4B-6A4C-46A2-9DD5-970F05FEFB87} = {378B31BE-4F84-40D4-854B-FA535D135353}
		{5B90D7DE-3091-474D-8AA2-6BDE54965515} = {378B31BE-4F84-40D4-854B-FA535D135353}
		{F3EB5FB9-5177-4C9E-A52A-2D344157F1F2} = {378B31BE-4F84-40D4-854B-FA535D135353}
		{69FD4FD9-7DF5-4FDB-B3EE-7AC364E7A3ED} = {0F0ED894-5AEA-498F-AD6F-CF0F2D18FDCA}
		{B0BF14F8-3BCB-4410-979B-EEEF8407EC15} = {C5A79A65-6948-4486-ABC9-E2760D2A93A4}
		{A7DBE07D-6D8F-4450-8CB8-6BC197D964AA} = {C5A79A65-6948-4486-ABC9-E2760D2A93A4}
	EndGlobalSection
EndGlobal
